
Microsoft Visual Studio Solution File, Format Version 12.00
# Visual Studio Version 17
VisualStudioVersion = 17.9.34902.65
MinimumVisualStudioVersion = 10.0.40219.1
Project("{9A19103F-16F7-4668-BE54-9A1E7A4F7556}") = "LoginScreen", "LoginScreen\LoginScreen.csproj", "{1B393A1C-2BF4-40F0-9E47-E3923973AB22}"
EndProject
Project("{9A19103F-16F7-4668-BE54-9A1E7A4F7556}") = "Addressbook", "Addressbook\Addressbook.csproj", "{1D36C1F5-466B-4E01-857B-F3F71D53CF62}"
EndProject
Project("{FAE04EC0-301F-11D3-BF4B-00C04F79EFBC}") = "DrawingApp", "DrawingApp\DrawingApp.csproj", "{5F6C876B-5241-4919-AE09-E213D86D44B0}"
EndProject
Global
	GlobalSection(SolutionConfigurationPlatforms) = preSolution
		Debug|Any CPU = Debug|Any CPU
		Release|Any CPU = Release|Any CPU
	EndGlobalSection
	GlobalSection(ProjectConfigurationPlatforms) = postSolution
		{1B393A1C-2BF4-40F0-9E47-E3923973AB22}.Debug|Any CPU.ActiveCfg = Debug|Any CPU
		{1B393A1C-2BF4-40F0-9E47-E3923973AB22}.Debug|Any CPU.Build.0 = Debug|Any CPU
		{1B393A1C-2BF4-40F0-9E47-E3923973AB22}.Release|Any CPU.ActiveCfg = Release|Any CPU
		{1B393A1C-2BF4-40F0-9E47-E3923973AB22}.Release|Any CPU.Build.0 = Release|Any CPU
		{1D36C1F5-466B-4E01-857B-F3F71D53CF62}.Debug|Any CPU.ActiveCfg = Debug|Any CPU
		{1D36C1F5-466B-4E01-857B-F3F71D53CF62}.Debug|Any CPU.Build.0 = Debug|Any CPU
		{1D36C1F5-466B-4E01-857B-F3F71D53CF62}.Release|Any CPU.ActiveCfg = Release|Any CPU
		{1D36C1F5-466B-4E01-857B-F3F71D53CF62}.Release|Any CPU.Build.0 = Release|Any CPU
		{5F6C876B-5241-4919-AE09-E213D86D44B0}.Debug|Any CPU.ActiveCfg = Debug|Any CPU
		{5F6C876B-5241-4919-AE09-E213D86D44B0}.Debug|Any CPU.Build.0 = Debug|Any CPU
		{5F6C876B-5241-4919-AE09-E213D86D44B0}.Release|Any CPU.ActiveCfg = Release|Any CPU
		{5F6C876B-5241-4919-AE09-E213D86D44B0}.Release|Any CPU.Build.0 = Release|Any CPU
	EndGlobalSection
	GlobalSection(SolutionProperties) = preSolution
		HideSolutionNode = FALSE
	EndGlobalSection
	GlobalSection(ExtensibilityGlobals) = postSolution
		SolutionGuid = {91CD0241-A413-44A1-AF49-9CDF3D29F9E2}
	EndGlobalSection
EndGlobal
